
Microsoft Visual Studio Solution File, Format Version 12.00
# Visual Studio Version 16
VisualStudioVersion = 16.0.32802.440
MinimumVisualStudioVersion = 10.0.40219.1
Project("{8BC9CEB8-8B4A-11D0-8D11-00A0C91BC942}") = "20220921_yjj_test3", "20220921_yjj_test3\20220921_yjj_test3.vcxproj", "{A672DA10-F268-4168-ADAE-3FA61ACC62FD}"
EndProject
Global
	GlobalSection(SolutionConfigurationPlatforms) = preSolution
		Debug|x64 = Debug|x64
		Debug|x86 = Debug|x86
		Release|x64 = Release|x64
		Release|x86 = Release|x86
	EndGlobalSection
	GlobalSection(ProjectConfigurationPlatforms) = postSolution
		{A672DA10-F268-4168-ADAE-3FA61ACC62FD}.Debug|x64.ActiveCfg = Debug|x64
		{A672DA10-F268-4168-ADAE-3FA61ACC62FD}.Debug|x64.Build.0 = Debug|x64
		{A672DA10-F268-4168-ADAE-3FA61ACC62FD}.Debug|x86.ActiveCfg = Debug|Win32
		{A672DA10-F268-4168-ADAE-3FA61ACC62FD}.Debug|x86.Build.0 = Debug|Win32
		{A672DA10-F268-4168-ADAE-3FA61ACC62FD}.Release|x64.ActiveCfg = Release|x64
		{A672DA10-F268-4168-ADAE-3FA61ACC62FD}.Release|x64.Build.0 = Release|x64
		{A672DA10-F268-4168-ADAE-3FA61ACC62FD}.Release|x86.ActiveCfg = Release|Win32
		{A672DA10-F268-4168-ADAE-3FA61ACC62FD}.Release|x86.Build.0 = Release|Win32
	EndGlobalSection
	GlobalSection(SolutionProperties) = preSolution
		HideSolutionNode = FALSE
	EndGlobalSection
	GlobalSection(ExtensibilityGlobals) = postSolution
		SolutionGuid = {92AB8BB9-FC01-4C50-9732-D5F9EAA8D590}
	EndGlobalSection
EndGlobal
