
Microsoft Visual Studio Solution File, Format Version 12.00
# Visual Studio Version 16
VisualStudioVersion = 16.0.32802.440
MinimumVisualStudioVersion = 10.0.40219.1
Project("{8BC9CEB8-8B4A-11D0-8D11-00A0C91BC942}") = "20220922_yjj_test4", "20220922_yjj_test4\20220922_yjj_test4.vcxproj", "{6E29E74B-E230-47B3-911D-C81293D80065}"
EndProject
Global
	GlobalSection(SolutionConfigurationPlatforms) = preSolution
		Debug|x64 = Debug|x64
		Debug|x86 = Debug|x86
		Release|x64 = Release|x64
		Release|x86 = Release|x86
	EndGlobalSection
	GlobalSection(ProjectConfigurationPlatforms) = postSolution
		{6E29E74B-E230-47B3-911D-C81293D80065}.Debug|x64.ActiveCfg = Debug|x64
		{6E29E74B-E230-47B3-911D-C81293D80065}.Debug|x64.Build.0 = Debug|x64
		{6E29E74B-E230-47B3-911D-C81293D80065}.Debug|x86.ActiveCfg = Debug|Win32
		{6E29E74B-E230-47B3-911D-C81293D80065}.Debug|x86.Build.0 = Debug|Win32
		{6E29E74B-E230-47B3-911D-C81293D80065}.Release|x64.ActiveCfg = Release|x64
		{6E29E74B-E230-47B3-911D-C81293D80065}.Release|x64.Build.0 = Release|x64
		{6E29E74B-E230-47B3-911D-C81293D80065}.Release|x86.ActiveCfg = Release|Win32
		{6E29E74B-E230-47B3-911D-C81293D80065}.Release|x86.Build.0 = Release|Win32
	EndGlobalSection
	GlobalSection(SolutionProperties) = preSolution
		HideSolutionNode = FALSE
	EndGlobalSection
	GlobalSection(ExtensibilityGlobals) = postSolution
		SolutionGuid = {37E11231-B5BB-4F70-9BE3-CAAD0F516082}
	EndGlobalSection
EndGlobal
