
Microsoft Visual Studio Solution File, Format Version 12.00
# Visual Studio Version 16
VisualStudioVersion = 16.0.32802.440
MinimumVisualStudioVersion = 10.0.40219.1
Project("{8BC9CEB8-8B4A-11D0-8D11-00A0C91BC942}") = "20220928_yjj_test1", "20220928_yjj_test1\20220928_yjj_test1.vcxproj", "{EFB89BFD-4B7F-4F57-A2E9-86BB64808BDE}"
EndProject
Global
	GlobalSection(SolutionConfigurationPlatforms) = preSolution
		Debug|x64 = Debug|x64
		Debug|x86 = Debug|x86
		Release|x64 = Release|x64
		Release|x86 = Release|x86
	EndGlobalSection
	GlobalSection(ProjectConfigurationPlatforms) = postSolution
		{EFB89BFD-4B7F-4F57-A2E9-86BB64808BDE}.Debug|x64.ActiveCfg = Debug|x64
		{EFB89BFD-4B7F-4F57-A2E9-86BB64808BDE}.Debug|x64.Build.0 = Debug|x64
		{EFB89BFD-4B7F-4F57-A2E9-86BB64808BDE}.Debug|x86.ActiveCfg = Debug|Win32
		{EFB89BFD-4B7F-4F57-A2E9-86BB64808BDE}.Debug|x86.Build.0 = Debug|Win32
		{EFB89BFD-4B7F-4F57-A2E9-86BB64808BDE}.Release|x64.ActiveCfg = Release|x64
		{EFB89BFD-4B7F-4F57-A2E9-86BB64808BDE}.Release|x64.Build.0 = Release|x64
		{EFB89BFD-4B7F-4F57-A2E9-86BB64808BDE}.Release|x86.ActiveCfg = Release|Win32
		{EFB89BFD-4B7F-4F57-A2E9-86BB64808BDE}.Release|x86.Build.0 = Release|Win32
	EndGlobalSection
	GlobalSection(SolutionProperties) = preSolution
		HideSolutionNode = FALSE
	EndGlobalSection
	GlobalSection(ExtensibilityGlobals) = postSolution
		SolutionGuid = {14C6411A-26E1-48A1-80C0-2474D6078DEC}
	EndGlobalSection
EndGlobal
