
Microsoft Visual Studio Solution File, Format Version 12.00
# Visual Studio Version 16
VisualStudioVersion = 16.0.32802.440
MinimumVisualStudioVersion = 10.0.40219.1
Project("{8BC9CEB8-8B4A-11D0-8D11-00A0C91BC942}") = "20220922_yjj_test1", "20220922_yjj_test1\20220922_yjj_test1.vcxproj", "{80E88C93-D75A-474D-8A98-8F984A45D097}"
EndProject
Global
	GlobalSection(SolutionConfigurationPlatforms) = preSolution
		Debug|x64 = Debug|x64
		Debug|x86 = Debug|x86
		Release|x64 = Release|x64
		Release|x86 = Release|x86
	EndGlobalSection
	GlobalSection(ProjectConfigurationPlatforms) = postSolution
		{80E88C93-D75A-474D-8A98-8F984A45D097}.Debug|x64.ActiveCfg = Debug|x64
		{80E88C93-D75A-474D-8A98-8F984A45D097}.Debug|x64.Build.0 = Debug|x64
		{80E88C93-D75A-474D-8A98-8F984A45D097}.Debug|x86.ActiveCfg = Debug|Win32
		{80E88C93-D75A-474D-8A98-8F984A45D097}.Debug|x86.Build.0 = Debug|Win32
		{80E88C93-D75A-474D-8A98-8F984A45D097}.Release|x64.ActiveCfg = Release|x64
		{80E88C93-D75A-474D-8A98-8F984A45D097}.Release|x64.Build.0 = Release|x64
		{80E88C93-D75A-474D-8A98-8F984A45D097}.Release|x86.ActiveCfg = Release|Win32
		{80E88C93-D75A-474D-8A98-8F984A45D097}.Release|x86.Build.0 = Release|Win32
	EndGlobalSection
	GlobalSection(SolutionProperties) = preSolution
		HideSolutionNode = FALSE
	EndGlobalSection
	GlobalSection(ExtensibilityGlobals) = postSolution
		SolutionGuid = {5BF46EC4-EC5C-45C1-BBA9-A65E1C72AC9C}
	EndGlobalSection
EndGlobal
